
Microsoft Visual Studio Solution File, Format Version 12.00
# Visual Studio Version 17
VisualStudioVersion = 17.1.32319.34
MinimumVisualStudioVersion = 10.0.40219.1
Project("{9A19103F-16F7-4668-BE54-9A1E7A4F7556}") = "ApiBlogDDD", "ApiBlogDDD\ApiBlogDDD.csproj", "{0737C20F-A188-4AA9-BAF7-6C7327560521}"
EndProject
Project("{2150E333-8FDC-42A3-9474-1A3956D46DE8}") = "1 - Presentation", "1 - Presentation", "{1C8C5EB5-2580-493D-AF94-8BDB14F7067C}"
EndProject
Project("{2150E333-8FDC-42A3-9474-1A3956D46DE8}") = "3 - Domain", "3 - Domain", "{42185971-B7C5-4AEF-AE5E-B7E4F7A8C328}"
EndProject
Project("{2150E333-8FDC-42A3-9474-1A3956D46DE8}") = "4 - Infra", "4 - Infra", "{815F7B5C-667C-4942-B36F-E0AEE4B55413}"
EndProject
Project("{9A19103F-16F7-4668-BE54-9A1E7A4F7556}") = "ApiBlogDDD.Domain", "ApiBlogDDD.Domain\ApiBlogDDD.Domain.csproj", "{112D2BED-0851-4EF0-BA65-66923429C6E1}"
EndProject
Project("{9A19103F-16F7-4668-BE54-9A1E7A4F7556}") = "ApiBlogDDD.Domain.Interfaces", "ApiBlogDDD.Domain.Interfaces\ApiBlogDDD.Domain.Interfaces.csproj", "{CB4AC60E-9807-49AA-B0ED-89FAF39D7A38}"
EndProject
Project("{9A19103F-16F7-4668-BE54-9A1E7A4F7556}") = "ApiBlogDDD.Domain.Services", "ApiBlogDDD.Domain.Services\ApiBlogDDD.Domain.Services.csproj", "{C0294F05-D812-471C-9A42-6720B4D14AF3}"
EndProject
Project("{2150E333-8FDC-42A3-9474-1A3956D46DE8}") = "4.1 - Data", "4.1 - Data", "{4F3E1162-89DF-464B-9264-3BDBD93AF77B}"
EndProject
Project("{9A19103F-16F7-4668-BE54-9A1E7A4F7556}") = "ApiBlogDDD.Infra.Data", "ApiBlogDDD.Infra.Data\ApiBlogDDD.Infra.Data.csproj", "{5B1B781B-B3A4-4A5A-8711-46F1E0A9C0BC}"
EndProject
Project("{2150E333-8FDC-42A3-9474-1A3956D46DE8}") = "4.2 - Crosscutting", "4.2 - Crosscutting", "{D64F20AA-FFD7-4D8C-94F5-70818391A7AA}"
EndProject
Project("{9A19103F-16F7-4668-BE54-9A1E7A4F7556}") = "ApiBlogDDD.IoC", "ApiBlogDDD.IoC\ApiBlogDDD.IoC.csproj", "{7A103165-0117-4B40-965D-A9ABA923D4BE}"
EndProject
Project("{2150E333-8FDC-42A3-9474-1A3956D46DE8}") = "2 - Application", "2 - Application", "{F1DAB52F-B2E0-41BB-B89B-847C6886D46E}"
EndProject
Project("{9A19103F-16F7-4668-BE54-9A1E7A4F7556}") = "ApiBlogDDD.Application", "ApiBlogDDD.Application\ApiBlogDDD.Application.csproj", "{70093AA6-F31D-40F8-985B-8C1456DD097C}"
EndProject
Project("{FAE04EC0-301F-11D3-BF4B-00C04F79EFBC}") = "ApiBlogDDD.DTO", "ApiBlogDDD.DTO\ApiBlogDDD.DTO.csproj", "{E806F1E7-DB53-47C7-8989-726B8FC21084}"
EndProject
Global
	GlobalSection(SolutionConfigurationPlatforms) = preSolution
		Debug|Any CPU = Debug|Any CPU
		Release|Any CPU = Release|Any CPU
	EndGlobalSection
	GlobalSection(ProjectConfigurationPlatforms) = postSolution
		{0737C20F-A188-4AA9-BAF7-6C7327560521}.Debug|Any CPU.ActiveCfg = Debug|Any CPU
		{0737C20F-A188-4AA9-BAF7-6C7327560521}.Debug|Any CPU.Build.0 = Debug|Any CPU
		{0737C20F-A188-4AA9-BAF7-6C7327560521}.Release|Any CPU.ActiveCfg = Release|Any CPU
		{0737C20F-A188-4AA9-BAF7-6C7327560521}.Release|Any CPU.Build.0 = Release|Any CPU
		{112D2BED-0851-4EF0-BA65-66923429C6E1}.Debug|Any CPU.ActiveCfg = Debug|Any CPU
		{112D2BED-0851-4EF0-BA65-66923429C6E1}.Debug|Any CPU.Build.0 = Debug|Any CPU
		{112D2BED-0851-4EF0-BA65-66923429C6E1}.Release|Any CPU.ActiveCfg = Release|Any CPU
		{112D2BED-0851-4EF0-BA65-66923429C6E1}.Release|Any CPU.Build.0 = Release|Any CPU
		{CB4AC60E-9807-49AA-B0ED-89FAF39D7A38}.Debug|Any CPU.ActiveCfg = Debug|Any CPU
		{CB4AC60E-9807-49AA-B0ED-89FAF39D7A38}.Debug|Any CPU.Build.0 = Debug|Any CPU
		{CB4AC60E-9807-49AA-B0ED-89FAF39D7A38}.Release|Any CPU.ActiveCfg = Release|Any CPU
		{CB4AC60E-9807-49AA-B0ED-89FAF39D7A38}.Release|Any CPU.Build.0 = Release|Any CPU
		{C0294F05-D812-471C-9A42-6720B4D14AF3}.Debug|Any CPU.ActiveCfg = Debug|Any CPU
		{C0294F05-D812-471C-9A42-6720B4D14AF3}.Debug|Any CPU.Build.0 = Debug|Any CPU
		{C0294F05-D812-471C-9A42-6720B4D14AF3}.Release|Any CPU.ActiveCfg = Release|Any CPU
		{C0294F05-D812-471C-9A42-6720B4D14AF3}.Release|Any CPU.Build.0 = Release|Any CPU
		{5B1B781B-B3A4-4A5A-8711-46F1E0A9C0BC}.Debug|Any CPU.ActiveCfg = Debug|Any CPU
		{5B1B781B-B3A4-4A5A-8711-46F1E0A9C0BC}.Debug|Any CPU.Build.0 = Debug|Any CPU
		{5B1B781B-B3A4-4A5A-8711-46F1E0A9C0BC}.Release|Any CPU.ActiveCfg = Release|Any CPU
		{5B1B781B-B3A4-4A5A-8711-46F1E0A9C0BC}.Release|Any CPU.Build.0 = Release|Any CPU
		{7A103165-0117-4B40-965D-A9ABA923D4BE}.Debug|Any CPU.ActiveCfg = Debug|Any CPU
		{7A103165-0117-4B40-965D-A9ABA923D4BE}.Debug|Any CPU.Build.0 = Debug|Any CPU
		{7A103165-0117-4B40-965D-A9ABA923D4BE}.Release|Any CPU.ActiveCfg = Release|Any CPU
		{7A103165-0117-4B40-965D-A9ABA923D4BE}.Release|Any CPU.Build.0 = Release|Any CPU
		{70093AA6-F31D-40F8-985B-8C1456DD097C}.Debug|Any CPU.ActiveCfg = Debug|Any CPU
		{70093AA6-F31D-40F8-985B-8C1456DD097C}.Debug|Any CPU.Build.0 = Debug|Any CPU
		{70093AA6-F31D-40F8-985B-8C1456DD097C}.Release|Any CPU.ActiveCfg = Release|Any CPU
		{70093AA6-F31D-40F8-985B-8C1456DD097C}.Release|Any CPU.Build.0 = Release|Any CPU
		{E806F1E7-DB53-47C7-8989-726B8FC21084}.Debug|Any CPU.ActiveCfg = Debug|Any CPU
		{E806F1E7-DB53-47C7-8989-726B8FC21084}.Debug|Any CPU.Build.0 = Debug|Any CPU
		{E806F1E7-DB53-47C7-8989-726B8FC21084}.Release|Any CPU.ActiveCfg = Release|Any CPU
		{E806F1E7-DB53-47C7-8989-726B8FC21084}.Release|Any CPU.Build.0 = Release|Any CPU
	EndGlobalSection
	GlobalSection(SolutionProperties) = preSolution
		HideSolutionNode = FALSE
	EndGlobalSection
	GlobalSection(NestedProjects) = preSolution
		{0737C20F-A188-4AA9-BAF7-6C7327560521} = {1C8C5EB5-2580-493D-AF94-8BDB14F7067C}
		{112D2BED-0851-4EF0-BA65-66923429C6E1} = {42185971-B7C5-4AEF-AE5E-B7E4F7A8C328}
		{CB4AC60E-9807-49AA-B0ED-89FAF39D7A38} = {42185971-B7C5-4AEF-AE5E-B7E4F7A8C328}
		{C0294F05-D812-471C-9A42-6720B4D14AF3} = {42185971-B7C5-4AEF-AE5E-B7E4F7A8C328}
		{4F3E1162-89DF-464B-9264-3BDBD93AF77B} = {815F7B5C-667C-4942-B36F-E0AEE4B55413}
		{5B1B781B-B3A4-4A5A-8711-46F1E0A9C0BC} = {4F3E1162-89DF-464B-9264-3BDBD93AF77B}
		{D64F20AA-FFD7-4D8C-94F5-70818391A7AA} = {815F7B5C-667C-4942-B36F-E0AEE4B55413}
		{7A103165-0117-4B40-965D-A9ABA923D4BE} = {D64F20AA-FFD7-4D8C-94F5-70818391A7AA}
		{70093AA6-F31D-40F8-985B-8C1456DD097C} = {F1DAB52F-B2E0-41BB-B89B-847C6886D46E}
		{E806F1E7-DB53-47C7-8989-726B8FC21084} = {42185971-B7C5-4AEF-AE5E-B7E4F7A8C328}
	EndGlobalSection
	GlobalSection(ExtensibilityGlobals) = postSolution
		SolutionGuid = {9B1CA331-4600-4B1E-A412-D2A1C077DFA3}
	EndGlobalSection
EndGlobal
